// !$*UTF8*$!
{
	archiveVersion = 1;
	classes = {
	};
	objectVersion = 56;
	objects = {

/* Begin PBXBuildFile section */
		347BC97C2BFC9EC2008CFCEA /* AppDelegate.swift in Sources */ = {isa = PBXBuildFile; fileRef = 347BC97B2BFC9EC2008CFCEA /* AppDelegate.swift */; };
		347BC97E2BFC9EC2008CFCEA /* SceneDelegate.swift in Sources */ = {isa = PBXBuildFile; fileRef = 347BC97D2BFC9EC2008CFCEA /* SceneDelegate.swift */; };
		347BC9852BFC9EC5008CFCEA /* Assets.xcassets in Resources */ = {isa = PBXBuildFile; fileRef = 347BC9842BFC9EC5008CFCEA /* Assets.xcassets */; };
		347BC9882BFC9EC5008CFCEA /* Base in Resources */ = {isa = PBXBuildFile; fileRef = 347BC9872BFC9EC5008CFCEA /* Base */; };
		347BC9902BFCA247008CFCEA /* VoxelVC.swift in Sources */ = {isa = PBXBuildFile; fileRef = 347BC98F2BFCA247008CFCEA /* VoxelVC.swift */; };
		347BC9922BFD0296008CFCEA /* Colors.swift in Sources */ = {isa = PBXBuildFile; fileRef = 347BC9912BFD0296008CFCEA /* Colors.swift */; };
		347BC9C52BFF47FA008CFCEA /* VoxelUIData.xcframework in Resources */ = {isa = PBXBuildFile; fileRef = 347BC9C32BFF47D5008CFCEA /* VoxelUIData.xcframework */; };
		347BC9C62BFF48C1008CFCEA /* VoxelUIData.xcframework in Frameworks */ = {isa = PBXBuildFile; fileRef = 347BC9C32BFF47D5008CFCEA /* VoxelUIData.xcframework */; };
		347BC9C72BFF48C1008CFCEA /* VoxelUIData.xcframework in Embed Frameworks */ = {isa = PBXBuildFile; fileRef = 347BC9C32BFF47D5008CFCEA /* VoxelUIData.xcframework */; settings = {ATTRIBUTES = (CodeSignOnCopy, RemoveHeadersOnCopy, ); }; };
/* End PBXBuildFile section */

/* Begin PBXCopyFilesBuildPhase section */
		347BC9C82BFF48C1008CFCEA /* Embed Frameworks */ = {
			isa = PBXCopyFilesBuildPhase;
			buildActionMask = 2147483647;
			dstPath = "";
			dstSubfolderSpec = 10;
			files = (
				347BC9C72BFF48C1008CFCEA /* VoxelUIData.xcframework in Embed Frameworks */,
			);
			name = "Embed Frameworks";
			runOnlyForDeploymentPostprocessing = 0;
		};
/* End PBXCopyFilesBuildPhase section */

/* Begin PBXFileReference section */
		347BC9782BFC9EC2008CFCEA /* VoxelUI.app */ = {isa = PBXFileReference; explicitFileType = wrapper.application; includeInIndex = 0; path = VoxelUI.app; sourceTree = BUILT_PRODUCTS_DIR; };
		347BC97B2BFC9EC2008CFCEA /* AppDelegate.swift */ = {isa = PBXFileReference; lastKnownFileType = sourcecode.swift; path = AppDelegate.swift; sourceTree = "<group>"; };
		347BC97D2BFC9EC2008CFCEA /* SceneDelegate.swift */ = {isa = PBXFileReference; lastKnownFileType = sourcecode.swift; path = SceneDelegate.swift; sourceTree = "<group>"; };
		347BC9842BFC9EC5008CFCEA /* Assets.xcassets */ = {isa = PBXFileReference; lastKnownFileType = folder.assetcatalog; path = Assets.xcassets; sourceTree = "<group>"; };
		347BC9872BFC9EC5008CFCEA /* Base */ = {isa = PBXFileReference; lastKnownFileType = file.storyboard; name = Base; path = Base.lproj/LaunchScreen.storyboard; sourceTree = "<group>"; };
		347BC9892BFC9EC5008CFCEA /* Info.plist */ = {isa = PBXFileReference; lastKnownFileType = text.plist.xml; path = Info.plist; sourceTree = "<group>"; };
		347BC98F2BFCA247008CFCEA /* VoxelVC.swift */ = {isa = PBXFileReference; lastKnownFileType = sourcecode.swift; path = VoxelVC.swift; sourceTree = "<group>"; };
		347BC9912BFD0296008CFCEA /* Colors.swift */ = {isa = PBXFileReference; lastKnownFileType = sourcecode.swift; path = Colors.swift; sourceTree = "<group>"; };
		347BC9C32BFF47D5008CFCEA /* VoxelUIData.xcframework */ = {isa = PBXFileReference; lastKnownFileType = wrapper.xcframework; path = VoxelUIData.xcframework; sourceTree = "<group>"; };
/* End PBXFileReference section */

/* Begin PBXFrameworksBuildPhase section */
		347BC9752BFC9EC2008CFCEA /* Frameworks */ = {
			isa = PBXFrameworksBuildPhase;
			buildActionMask = 2147483647;
			files = (
				347BC9C62BFF48C1008CFCEA /* VoxelUIData.xcframework in Frameworks */,
			);
			runOnlyForDeploymentPostprocessing = 0;
		};
/* End PBXFrameworksBuildPhase section */

/* Begin PBXGroup section */
		347BC96F2BFC9EC2008CFCEA = {
			isa = PBXGroup;
			children = (
				347BC97A2BFC9EC2008CFCEA /* VoxelUI */,
				347BC9792BFC9EC2008CFCEA /* Products */,
			);
			sourceTree = "<group>";
		};
		347BC9792BFC9EC2008CFCEA /* Products */ = {
			isa = PBXGroup;
			children = (
				347BC9782BFC9EC2008CFCEA /* VoxelUI.app */,
			);
			name = Products;
			sourceTree = "<group>";
		};
		347BC97A2BFC9EC2008CFCEA /* VoxelUI */ = {
			isa = PBXGroup;
			children = (
				347BC97B2BFC9EC2008CFCEA /* AppDelegate.swift */,
				347BC97D2BFC9EC2008CFCEA /* SceneDelegate.swift */,
				347BC9842BFC9EC5008CFCEA /* Assets.xcassets */,
				347BC9862BFC9EC5008CFCEA /* LaunchScreen.storyboard */,
				347BC9892BFC9EC5008CFCEA /* Info.plist */,
				347BC98F2BFCA247008CFCEA /* VoxelVC.swift */,
				347BC9912BFD0296008CFCEA /* Colors.swift */,
				347BC9BC2BFF4605008CFCEA /* Frameworks */,
			);
			path = VoxelUI;
			sourceTree = "<group>";
		};
		347BC9BC2BFF4605008CFCEA /* Frameworks */ = {
			isa = PBXGroup;
			children = (
				347BC9C32BFF47D5008CFCEA /* VoxelUIData.xcframework */,
			);
			path = Frameworks;
			sourceTree = "<group>";
		};
/* End PBXGroup section */

/* Begin PBXNativeTarget section */
		347BC9772BFC9EC2008CFCEA /* VoxelUI */ = {
			isa = PBXNativeTarget;
			buildConfigurationList = 347BC98C2BFC9EC5008CFCEA /* Build configuration list for PBXNativeTarget "VoxelUI" */;
			buildPhases = (
				347BC9742BFC9EC2008CFCEA /* Sources */,
				347BC9752BFC9EC2008CFCEA /* Frameworks */,
				347BC9762BFC9EC2008CFCEA /* Resources */,
				347BC9C82BFF48C1008CFCEA /* Embed Frameworks */,
			);
			buildRules = (
			);
			dependencies = (
			);
			name = VoxelUI;
			productName = VoxelUI;
			productReference = 347BC9782BFC9EC2008CFCEA /* VoxelUI.app */;
			productType = "com.apple.product-type.application";
		};
/* End PBXNativeTarget section */

/* Begin PBXProject section */
		347BC9702BFC9EC2008CFCEA /* Project object */ = {
			isa = PBXProject;
			attributes = {
				BuildIndependentTargetsInParallel = 1;
				LastSwiftUpdateCheck = 1540;
				LastUpgradeCheck = 1540;
				TargetAttributes = {
					347BC9772BFC9EC2008CFCEA = {
						CreatedOnToolsVersion = 15.4;
					};
				};
			};
			buildConfigurationList = 347BC9732BFC9EC2008CFCEA /* Build configuration list for PBXProject "VoxelUI" */;
			compatibilityVersion = "Xcode 14.0";
			developmentRegion = en;
			hasScannedForEncodings = 0;
			knownRegions = (
				en,
				Base,
			);
			mainGroup = 347BC96F2BFC9EC2008CFCEA;
			productRefGroup = 347BC9792BFC9EC2008CFCEA /* Products */;
			projectDirPath = "";
			projectRoot = "";
			targets = (
				347BC9772BFC9EC2008CFCEA /* VoxelUI */,
			);
		};
/* End PBXProject section */

/* Begin PBXResourcesBuildPhase section */
		347BC9762BFC9EC2008CFCEA /* Resources */ = {
			isa = PBXResourcesBuildPhase;
			buildActionMask = 2147483647;
			files = (
				347BC9C52BFF47FA008CFCEA /* VoxelUIData.xcframework in Resources */,
				347BC9852BFC9EC5008CFCEA /* Assets.xcassets in Resources */,
				347BC9882BFC9EC5008CFCEA /* Base in Resources */,
			);
			runOnlyForDeploymentPostprocessing = 0;
		};
/* End PBXResourcesBuildPhase section */

/* Begin PBXSourcesBuildPhase section */
		347BC9742BFC9EC2008CFCEA /* Sources */ = {
			isa = PBXSourcesBuildPhase;
			buildActionMask = 2147483647;
			files = (
				347BC9922BFD0296008CFCEA /* Colors.swift in Sources */,
				347BC97C2BFC9EC2008CFCEA /* AppDelegate.swift in Sources */,
				347BC97E2BFC9EC2008CFCEA /* SceneDelegate.swift in Sources */,
				347BC9902BFCA247008CFCEA /* VoxelVC.swift in Sources */,
			);
			runOnlyForDeploymentPostprocessing = 0;
		};
/* End PBXSourcesBuildPhase section */

/* Begin PBXVariantGroup section */
		347BC9862BFC9EC5008CFCEA /* LaunchScreen.storyboard */ = {
			isa = PBXVariantGroup;
			children = (
				347BC9872BFC9EC5008CFCEA /* Base */,
			);
			name = LaunchScreen.storyboard;
			sourceTree = "<group>";
		};
/* End PBXVariantGroup section */

/* Begin XCBuildConfiguration section */
		347BC98A2BFC9EC5008CFCEA /* Debug */ = {
			isa = XCBuildConfiguration;
			buildSettings = {
				ALWAYS_SEARCH_USER_PATHS = NO;
				ASSETCATALOG_COMPILER_GENERATE_SWIFT_ASSET_SYMBOL_EXTENSIONS = YES;
				CLANG_ANALYZER_NONNULL = YES;
				CLANG_ANALYZER_NUMBER_OBJECT_CONVERSION = YES_AGGRESSIVE;
				CLANG_CXX_LANGUAGE_STANDARD = "gnu++20";
				CLANG_ENABLE_MODULES = YES;
				CLANG_ENABLE_OBJC_ARC = YES;
				CLANG_ENABLE_OBJC_WEAK = YES;
				CLANG_WARN_BLOCK_CAPTURE_AUTORELEASING = YES;
				CLANG_WARN_BOOL_CONVERSION = YES;
				CLANG_WARN_COMMA = YES;
				CLANG_WARN_CONSTANT_CONVERSION = YES;
				CLANG_WARN_DEPRECATED_OBJC_IMPLEMENTATIONS = YES;
				CLANG_WARN_DIRECT_OBJC_ISA_USAGE = YES_ERROR;
				CLANG_WARN_DOCUMENTATION_COMMENTS = YES;
				CLANG_WARN_EMPTY_BODY = YES;
				CLANG_WARN_ENUM_CONVERSION = YES;
				CLANG_WARN_INFINITE_RECURSION = YES;
				CLANG_WARN_INT_CONVERSION = YES;
				CLANG_WARN_NON_LITERAL_NULL_CONVERSION = YES;
				CLANG_WARN_OBJC_IMPLICIT_RETAIN_SELF = YES;
				CLANG_WARN_OBJC_LITERAL_CONVERSION = YES;
				CLANG_WARN_OBJC_ROOT_CLASS = YES_ERROR;
				CLANG_WARN_QUOTED_INCLUDE_IN_FRAMEWORK_HEADER = YES;
				CLANG_WARN_RANGE_LOOP_ANALYSIS = YES;
				CLANG_WARN_STRICT_PROTOTYPES = YES;
				CLANG_WARN_SUSPICIOUS_MOVE = YES;
				CLANG_WARN_UNGUARDED_AVAILABILITY = YES_AGGRESSIVE;
				CLANG_WARN_UNREACHABLE_CODE = YES;
				CLANG_WARN__DUPLICATE_METHOD_MATCH = YES;
				COPY_PHASE_STRIP = NO;
				DEBUG_INFORMATION_FORMAT = dwarf;
				ENABLE_STRICT_OBJC_MSGSEND = YES;
				ENABLE_TESTABILITY = YES;
				ENABLE_USER_SCRIPT_SANDBOXING = YES;
				GCC_C_LANGUAGE_STANDARD = gnu17;
				GCC_DYNAMIC_NO_PIC = NO;
				GCC_NO_COMMON_BLOCKS = YES;
				GCC_OPTIMIZATION_LEVEL = 0;
				GCC_PREPROCESSOR_DEFINITIONS = (
					"DEBUG=1",
					"$(inherited)",
				);
				GCC_WARN_64_TO_32_BIT_CONVERSION = YES;
				GCC_WARN_ABOUT_RETURN_TYPE = YES_ERROR;
				GCC_WARN_UNDECLARED_SELECTOR = YES;
				GCC_WARN_UNINITIALIZED_AUTOS = YES_AGGRESSIVE;
				GCC_WARN_UNUSED_FUNCTION = YES;
				GCC_WARN_UNUSED_VARIABLE = YES;
				IPHONEOS_DEPLOYMENT_TARGET = 16.0;
				LOCALIZATION_PREFERS_STRING_CATALOGS = YES;
				MTL_ENABLE_DEBUG_INFO = INCLUDE_SOURCE;
				MTL_FAST_MATH = YES;
				ONLY_ACTIVE_ARCH = YES;
				SDKROOT = iphoneos;
				SWIFT_ACTIVE_COMPILATION_CONDITIONS = "DEBUG $(inherited)";
				SWIFT_OPTIMIZATION_LEVEL = "-Onone";
			};
			name = Debug;
		};
		347BC98B2BFC9EC5008CFCEA /* Release */ = {
			isa = XCBuildConfiguration;
			buildSettings = {
				ALWAYS_SEARCH_USER_PATHS = NO;
				ASSETCATALOG_COMPILER_GENERATE_SWIFT_ASSET_SYMBOL_EXTENSIONS = YES;
				CLANG_ANALYZER_NONNULL = YES;
				CLANG_ANALYZER_NUMBER_OBJECT_CONVERSION = YES_AGGRESSIVE;
				CLANG_CXX_LANGUAGE_STANDARD = "gnu++20";
				CLANG_ENABLE_MODULES = YES;
				CLANG_ENABLE_OBJC_ARC = YES;
				CLANG_ENABLE_OBJC_WEAK = YES;
				CLANG_WARN_BLOCK_CAPTURE_AUTORELEASING = YES;
				CLANG_WARN_BOOL_CONVERSION = YES;
				CLANG_WARN_COMMA = YES;
				CLANG_WARN_CONSTANT_CONVERSION = YES;
				CLANG_WARN_DEPRECATED_OBJC_IMPLEMENTATIONS = YES;
				CLANG_WARN_DIRECT_OBJC_ISA_USAGE = YES_ERROR;
				CLANG_WARN_DOCUMENTATION_COMMENTS = YES;
				CLANG_WARN_EMPTY_BODY = YES;
				CLANG_WARN_ENUM_CONVERSION = YES;
				CLANG_WARN_INFINITE_RECURSION = YES;
				CLANG_WARN_INT_CONVERSION = YES;
				CLANG_WARN_NON_LITERAL_NULL_CONVERSION = YES;
				CLANG_WARN_OBJC_IMPLICIT_RETAIN_SELF = YES;
				CLANG_WARN_OBJC_LITERAL_CONVERSION = YES;
				CLANG_WARN_OBJC_ROOT_CLASS = YES_ERROR;
				CLANG_WARN_QUOTED_INCLUDE_IN_FRAMEWORK_HEADER = YES;
				CLANG_WARN_RANGE_LOOP_ANALYSIS = YES;
				CLANG_WARN_STRICT_PROTOTYPES = YES;
				CLANG_WARN_SUSPICIOUS_MOVE = YES;
				CLANG_WARN_UNGUARDED_AVAILABILITY = YES_AGGRESSIVE;
				CLANG_WARN_UNREACHABLE_CODE = YES;
				CLANG_WARN__DUPLICATE_METHOD_MATCH = YES;
				COPY_PHASE_STRIP = NO;
				DEBUG_INFORMATION_FORMAT = "dwarf-with-dsym";
				ENABLE_NS_ASSERTIONS = NO;
				ENABLE_STRICT_OBJC_MSGSEND = YES;
				ENABLE_USER_SCRIPT_SANDBOXING = YES;
				GCC_C_LANGUAGE_STANDARD = gnu17;
				GCC_NO_COMMON_BLOCKS = YES;
				GCC_WARN_64_TO_32_BIT_CONVERSION = YES;
				GCC_WARN_ABOUT_RETURN_TYPE = YES_ERROR;
				GCC_WARN_UNDECLARED_SELECTOR = YES;
				GCC_WARN_UNINITIALIZED_AUTOS = YES_AGGRESSIVE;
				GCC_WARN_UNUSED_FUNCTION = YES;
				GCC_WARN_UNUSED_VARIABLE = YES;
				IPHONEOS_DEPLOYMENT_TARGET = 16.0;
				LOCALIZATION_PREFERS_STRING_CATALOGS = YES;
				MTL_ENABLE_DEBUG_INFO = NO;
				MTL_FAST_MATH = YES;
				SDKROOT = iphoneos;
				SWIFT_COMPILATION_MODE = wholemodule;
				VALIDATE_PRODUCT = YES;
			};
			name = Release;
		};
		347BC98D2BFC9EC5008CFCEA /* Debug */ = {
			isa = XCBuildConfiguration;
			buildSettings = {
				ASSETCATALOG_COMPILER_APPICON_NAME = AppIcon;
				ASSETCATALOG_COMPILER_GLOBAL_ACCENT_COLOR_NAME = AccentColor;
				CODE_SIGN_IDENTITY = "Apple Development";
				CODE_SIGN_STYLE = Automatic;
				CURRENT_PROJECT_VERSION = 1;
				DEVELOPMENT_TEAM = 9GZ8FVR7LN;
				FRAMEWORK_SEARCH_PATHS = (
					"$(inherited)",
					"$(PROJECT_DIR)/VoxelUI",
					"$(PROJECT_DIR)",
					"$(PROJECT_DIR)/VoxelUI/Frameworks",
				);
				GENERATE_INFOPLIST_FILE = YES;
				INFOPLIST_FILE = VoxelUI/Info.plist;
				INFOPLIST_KEY_UIApplicationSupportsIndirectInputEvents = YES;
				INFOPLIST_KEY_UILaunchStoryboardName = LaunchScreen;
				INFOPLIST_KEY_UIRequiresFullScreen = YES;
				INFOPLIST_KEY_UISupportedInterfaceOrientations = "UIInterfaceOrientationLandscapeLeft UIInterfaceOrientationLandscapeRight";
				IPHONEOS_DEPLOYMENT_TARGET = 16.0;
				LD_RUNPATH_SEARCH_PATHS = (
					"$(inherited)",
					"@executable_path/Frameworks",
				);
				MARKETING_VERSION = 1.0;
				PRODUCT_BUNDLE_IDENTIFIER = com.jaypeeff.authentication.VoxelUI;
				PRODUCT_NAME = "$(TARGET_NAME)";
				PROVISIONING_PROFILE_SPECIFIER = "";
				SWIFT_EMIT_LOC_STRINGS = YES;
				SWIFT_VERSION = 5.0;
				TARGETED_DEVICE_FAMILY = "1,2";
			};
			name = Debug;
		};
		347BC98E2BFC9EC5008CFCEA /* Release */ = {
			isa = XCBuildConfiguration;
			buildSettings = {
				ASSETCATALOG_COMPILER_APPICON_NAME = AppIcon;
				ASSETCATALOG_COMPILER_GLOBAL_ACCENT_COLOR_NAME = AccentColor;
				CODE_SIGN_IDENTITY = "Apple Development";
				CODE_SIGN_STYLE = Automatic;
				CURRENT_PROJECT_VERSION = 1;
				DEVELOPMENT_TEAM = 9GZ8FVR7LN;
				FRAMEWORK_SEARCH_PATHS = (
					"$(inherited)",
					"$(PROJECT_DIR)/VoxelUI",
					"$(PROJECT_DIR)",
					"$(PROJECT_DIR)/VoxelUI/Frameworks",
				);
				GENERATE_INFOPLIST_FILE = YES;
				INFOPLIST_FILE = VoxelUI/Info.plist;
				INFOPLIST_KEY_UIApplicationSupportsIndirectInputEvents = YES;
				INFOPLIST_KEY_UILaunchStoryboardName = LaunchScreen;
				INFOPLIST_KEY_UIRequiresFullScreen = YES;
				INFOPLIST_KEY_UISupportedInterfaceOrientations = "UIInterfaceOrientationLandscapeLeft UIInterfaceOrientationLandscapeRight";
				IPHONEOS_DEPLOYMENT_TARGET = 16.0;
				LD_RUNPATH_SEARCH_PATHS = (
					"$(inherited)",
					"@executable_path/Frameworks",
				);
				MARKETING_VERSION = 1.0;
				PRODUCT_BUNDLE_IDENTIFIER = com.jaypeeff.authentication.VoxelUI;
				PRODUCT_NAME = "$(TARGET_NAME)";
				PROVISIONING_PROFILE_SPECIFIER = "";
				SWIFT_EMIT_LOC_STRINGS = YES;
				SWIFT_VERSION = 5.0;
				TARGETED_DEVICE_FAMILY = "1,2";
			};
			name = Release;
		};
/* End XCBuildConfiguration section */

/* Begin XCConfigurationList section */
		347BC9732BFC9EC2008CFCEA /* Build configuration list for PBXProject "VoxelUI" */ = {
			isa = XCConfigurationList;
			buildConfigurations = (
				347BC98A2BFC9EC5008CFCEA /* Debug */,
				347BC98B2BFC9EC5008CFCEA /* Release */,
			);
			defaultConfigurationIsVisible = 0;
			defaultConfigurationName = Release;
		};
		347BC98C2BFC9EC5008CFCEA /* Build configuration list for PBXNativeTarget "VoxelUI" */ = {
			isa = XCConfigurationList;
			buildConfigurations = (
				347BC98D2BFC9EC5008CFCEA /* Debug */,
				347BC98E2BFC9EC5008CFCEA /* Release */,
			);
			defaultConfigurationIsVisible = 0;
			defaultConfigurationName = Release;
		};
/* End XCConfigurationList section */
	};
	rootObject = 347BC9702BFC9EC2008CFCEA /* Project object */;
}
